// !$*UTF8*$!
{
	archiveVersion = 1;
	classes = {
	};
	objectVersion = 46;
	objects = {

/* Begin PBXBuildFile section */
		46D479B51D1A7204002CC8AE /* UIBarButton+Extension.swift in Sources */ = {isa = PBXBuildFile; fileRef = 46D479B41D1A7204002CC8AE /* UIBarButton+Extension.swift */; };
		46D479B71D1A809F002CC8AE /* TitleButton.swift in Sources */ = {isa = PBXBuildFile; fileRef = 46D479B61D1A809F002CC8AE /* TitleButton.swift */; };
		46F1DF4E1D18D5860004BF42 /* AppDelegate.swift in Sources */ = {isa = PBXBuildFile; fileRef = 46F1DF4D1D18D5860004BF42 /* AppDelegate.swift */; };
		46F1DF551D18D5860004BF42 /* Assets.xcassets in Resources */ = {isa = PBXBuildFile; fileRef = 46F1DF541D18D5860004BF42 /* Assets.xcassets */; };
		46F1DF631D18D5860004BF42 /* WeiBoTests.swift in Sources */ = {isa = PBXBuildFile; fileRef = 46F1DF621D18D5860004BF42 /* WeiBoTests.swift */; };
		46F1DF6E1D18D5860004BF42 /* WeiBoUITests.swift in Sources */ = {isa = PBXBuildFile; fileRef = 46F1DF6D1D18D5860004BF42 /* WeiBoUITests.swift */; };
		46F1DF7C1D18D7780004BF42 /* MainViewController.swift in Sources */ = {isa = PBXBuildFile; fileRef = 46F1DF7B1D18D7780004BF42 /* MainViewController.swift */; };
		46F1DF851D1928390004BF42 /* DiscoverViewController.swift in Sources */ = {isa = PBXBuildFile; fileRef = 46F1DF841D1928390004BF42 /* DiscoverViewController.swift */; };
		46F1DF871D19286A0004BF42 /* HomeTableViewController.swift in Sources */ = {isa = PBXBuildFile; fileRef = 46F1DF861D19286A0004BF42 /* HomeTableViewController.swift */; };
		46F1DF8B1D1930CA0004BF42 /* MessageTableViewController.swift in Sources */ = {isa = PBXBuildFile; fileRef = 46F1DF8A1D1930CA0004BF42 /* MessageTableViewController.swift */; };
		46F1DF8D1D1930D30004BF42 /* ProfileTableViewController.swift in Sources */ = {isa = PBXBuildFile; fileRef = 46F1DF8C1D1930D30004BF42 /* ProfileTableViewController.swift */; };
		46F1DF971D1A22F30004BF42 /* BaseViewController.swift in Sources */ = {isa = PBXBuildFile; fileRef = 46F1DF941D1A22F30004BF42 /* BaseViewController.swift */; };
		46F1DF981D1A22F30004BF42 /* MainTabBarController.swift in Sources */ = {isa = PBXBuildFile; fileRef = 46F1DF951D1A22F30004BF42 /* MainTabBarController.swift */; };
		46F1DF9A1D1A23210004BF42 /* VisitorView.swift in Sources */ = {isa = PBXBuildFile; fileRef = 46F1DF991D1A23210004BF42 /* VisitorView.swift */; };
		46F1DF9C1D1A323A0004BF42 /* VisitorView.xib in Resources */ = {isa = PBXBuildFile; fileRef = 46F1DF9B1D1A323A0004BF42 /* VisitorView.xib */; };
/* End PBXBuildFile section */

/* Begin PBXContainerItemProxy section */
		46F1DF5F1D18D5860004BF42 /* PBXContainerItemProxy */ = {
			isa = PBXContainerItemProxy;
			containerPortal = 46F1DF421D18D5860004BF42 /* Project object */;
			proxyType = 1;
			remoteGlobalIDString = 46F1DF491D18D5860004BF42;
			remoteInfo = WeiBo;
		};
		46F1DF6A1D18D5860004BF42 /* PBXContainerItemProxy */ = {
			isa = PBXContainerItemProxy;
			containerPortal = 46F1DF421D18D5860004BF42 /* Project object */;
			proxyType = 1;
			remoteGlobalIDString = 46F1DF491D18D5860004BF42;
			remoteInfo = WeiBo;
		};
/* End PBXContainerItemProxy section */

/* Begin PBXFileReference section */
		46D479B41D1A7204002CC8AE /* UIBarButton+Extension.swift */ = {isa = PBXFileReference; fileEncoding = 4; lastKnownFileType = sourcecode.swift; path = "UIBarButton+Extension.swift"; sourceTree = "<group>"; };
		46D479B61D1A809F002CC8AE /* TitleButton.swift */ = {isa = PBXFileReference; fileEncoding = 4; lastKnownFileType = sourcecode.swift; path = TitleButton.swift; sourceTree = "<group>"; };
		46F1DF4A1D18D5860004BF42 /* WeiBo.app */ = {isa = PBXFileReference; explicitFileType = wrapper.application; includeInIndex = 0; path = WeiBo.app; sourceTree = BUILT_PRODUCTS_DIR; };
		46F1DF4D1D18D5860004BF42 /* AppDelegate.swift */ = {isa = PBXFileReference; lastKnownFileType = sourcecode.swift; path = AppDelegate.swift; sourceTree = "<group>"; };
		46F1DF541D18D5860004BF42 /* Assets.xcassets */ = {isa = PBXFileReference; lastKnownFileType = folder.assetcatalog; path = Assets.xcassets; sourceTree = "<group>"; };
		46F1DF591D18D5860004BF42 /* Info.plist */ = {isa = PBXFileReference; lastKnownFileType = text.plist.xml; path = Info.plist; sourceTree = "<group>"; };
		46F1DF5E1D18D5860004BF42 /* WeiBoTests.xctest */ = {isa = PBXFileReference; explicitFileType = wrapper.cfbundle; includeInIndex = 0; path = WeiBoTests.xctest; sourceTree = BUILT_PRODUCTS_DIR; };
		46F1DF621D18D5860004BF42 /* WeiBoTests.swift */ = {isa = PBXFileReference; lastKnownFileType = sourcecode.swift; path = WeiBoTests.swift; sourceTree = "<group>"; };
		46F1DF641D18D5860004BF42 /* Info.plist */ = {isa = PBXFileReference; lastKnownFileType = text.plist.xml; path = Info.plist; sourceTree = "<group>"; };
		46F1DF691D18D5860004BF42 /* WeiBoUITests.xctest */ = {isa = PBXFileReference; explicitFileType = wrapper.cfbundle; includeInIndex = 0; path = WeiBoUITests.xctest; sourceTree = BUILT_PRODUCTS_DIR; };
		46F1DF6D1D18D5860004BF42 /* WeiBoUITests.swift */ = {isa = PBXFileReference; lastKnownFileType = sourcecode.swift; path = WeiBoUITests.swift; sourceTree = "<group>"; };
		46F1DF6F1D18D5860004BF42 /* Info.plist */ = {isa = PBXFileReference; lastKnownFileType = text.plist.xml; path = Info.plist; sourceTree = "<group>"; };
		46F1DF7B1D18D7780004BF42 /* MainViewController.swift */ = {isa = PBXFileReference; fileEncoding = 4; lastKnownFileType = sourcecode.swift; path = MainViewController.swift; sourceTree = "<group>"; };
		46F1DF841D1928390004BF42 /* DiscoverViewController.swift */ = {isa = PBXFileReference; fileEncoding = 4; lastKnownFileType = sourcecode.swift; path = DiscoverViewController.swift; sourceTree = "<group>"; };
		46F1DF861D19286A0004BF42 /* HomeTableViewController.swift */ = {isa = PBXFileReference; fileEncoding = 4; lastKnownFileType = sourcecode.swift; path = HomeTableViewController.swift; sourceTree = "<group>"; };
		46F1DF8A1D1930CA0004BF42 /* MessageTableViewController.swift */ = {isa = PBXFileReference; fileEncoding = 4; lastKnownFileType = sourcecode.swift; path = MessageTableViewController.swift; sourceTree = "<group>"; };
		46F1DF8C1D1930D30004BF42 /* ProfileTableViewController.swift */ = {isa = PBXFileReference; fileEncoding = 4; lastKnownFileType = sourcecode.swift; path = ProfileTableViewController.swift; sourceTree = "<group>"; };
		46F1DF941D1A22F30004BF42 /* BaseViewController.swift */ = {isa = PBXFileReference; fileEncoding = 4; lastKnownFileType = sourcecode.swift; path = BaseViewController.swift; sourceTree = "<group>"; };
		46F1DF951D1A22F30004BF42 /* MainTabBarController.swift */ = {isa = PBXFileReference; fileEncoding = 4; lastKnownFileType = sourcecode.swift; path = MainTabBarController.swift; sourceTree = "<group>"; };
		46F1DF991D1A23210004BF42 /* VisitorView.swift */ = {isa = PBXFileReference; fileEncoding = 4; lastKnownFileType = sourcecode.swift; path = VisitorView.swift; sourceTree = "<group>"; };
		46F1DF9B1D1A323A0004BF42 /* VisitorView.xib */ = {isa = PBXFileReference; fileEncoding = 4; lastKnownFileType = file.xib; path = VisitorView.xib; sourceTree = "<group>"; };
/* End PBXFileReference section */

/* Begin PBXFrameworksBuildPhase section */
		46F1DF471D18D5860004BF42 /* Frameworks */ = {
			isa = PBXFrameworksBuildPhase;
			buildActionMask = 2147483647;
			files = (
			);
			runOnlyForDeploymentPostprocessing = 0;
		};
		46F1DF5B1D18D5860004BF42 /* Frameworks */ = {
			isa = PBXFrameworksBuildPhase;
			buildActionMask = 2147483647;
			files = (
			);
			runOnlyForDeploymentPostprocessing = 0;
		};
		46F1DF661D18D5860004BF42 /* Frameworks */ = {
			isa = PBXFrameworksBuildPhase;
			buildActionMask = 2147483647;
			files = (
			);
			runOnlyForDeploymentPostprocessing = 0;
		};
/* End PBXFrameworksBuildPhase section */

/* Begin PBXGroup section */
		46F1DF411D18D5860004BF42 = {
			isa = PBXGroup;
			children = (
				46F1DF4C1D18D5860004BF42 /* WeiBo */,
				46F1DF611D18D5860004BF42 /* WeiBoTests */,
				46F1DF6C1D18D5860004BF42 /* WeiBoUITests */,
				46F1DF4B1D18D5860004BF42 /* Products */,
			);
			sourceTree = "<group>";
		};
		46F1DF4B1D18D5860004BF42 /* Products */ = {
			isa = PBXGroup;
			children = (
				46F1DF4A1D18D5860004BF42 /* WeiBo.app */,
				46F1DF5E1D18D5860004BF42 /* WeiBoTests.xctest */,
				46F1DF691D18D5860004BF42 /* WeiBoUITests.xctest */,
			);
			name = Products;
			sourceTree = "<group>";
		};
		46F1DF4C1D18D5860004BF42 /* WeiBo */ = {
			isa = PBXGroup;
			children = (
				46F1DF4D1D18D5860004BF42 /* AppDelegate.swift */,
				46F1DF7D1D19274D0004BF42 /* Classes */,
				46F1DF541D18D5860004BF42 /* Assets.xcassets */,
				46F1DF591D18D5860004BF42 /* Info.plist */,
				46F1DF7B1D18D7780004BF42 /* MainViewController.swift */,
			);
			path = WeiBo;
			sourceTree = "<group>";
		};
		46F1DF611D18D5860004BF42 /* WeiBoTests */ = {
			isa = PBXGroup;
			children = (
				46F1DF621D18D5860004BF42 /* WeiBoTests.swift */,
				46F1DF641D18D5860004BF42 /* Info.plist */,
			);
			path = WeiBoTests;
			sourceTree = "<group>";
		};
		46F1DF6C1D18D5860004BF42 /* WeiBoUITests */ = {
			isa = PBXGroup;
			children = (
				46F1DF6D1D18D5860004BF42 /* WeiBoUITests.swift */,
				46F1DF6F1D18D5860004BF42 /* Info.plist */,
			);
			path = WeiBoUITests;
			sourceTree = "<group>";
		};
		46F1DF7D1D19274D0004BF42 /* Classes */ = {
			isa = PBXGroup;
			children = (
				46F1DF921D1A22F30004BF42 /* Main */,
				46F1DF7F1D19274D0004BF42 /* Home */,
				46F1DF811D19274D0004BF42 /* Message */,
				46F1DF7E1D19274D0004BF42 /* Discover */,
				46F1DF821D19274D0004BF42 /* Profile */,
				46F1DF831D19274D0004BF42 /* Tools */,
			);
			path = Classes;
			sourceTree = "<group>";
		};
		46F1DF7E1D19274D0004BF42 /* Discover */ = {
			isa = PBXGroup;
			children = (
				46F1DF841D1928390004BF42 /* DiscoverViewController.swift */,
			);
			path = Discover;
			sourceTree = "<group>";
		};
		46F1DF7F1D19274D0004BF42 /* Home */ = {
			isa = PBXGroup;
			children = (
				46F1DF861D19286A0004BF42 /* HomeTableViewController.swift */,
			);
			path = Home;
			sourceTree = "<group>";
		};
		46F1DF811D19274D0004BF42 /* Message */ = {
			isa = PBXGroup;
			children = (
				46F1DF8A1D1930CA0004BF42 /* MessageTableViewController.swift */,
			);
			path = Message;
			sourceTree = "<group>";
		};
		46F1DF821D19274D0004BF42 /* Profile */ = {
			isa = PBXGroup;
			children = (
				46F1DF8C1D1930D30004BF42 /* ProfileTableViewController.swift */,
			);
			path = Profile;
			sourceTree = "<group>";
		};
		46F1DF831D19274D0004BF42 /* Tools */ = {
			isa = PBXGroup;
			children = (
				46D479B41D1A7204002CC8AE /* UIBarButton+Extension.swift */,
				46D479B61D1A809F002CC8AE /* TitleButton.swift */,
			);
			path = Tools;
			sourceTree = "<group>";
		};
		46F1DF921D1A22F30004BF42 /* Main */ = {
			isa = PBXGroup;
			children = (
				46F1DF931D1A22F30004BF42 /* controller */,
				46F1DF961D1A22F30004BF42 /* view */,
			);
			path = Main;
			sourceTree = "<group>";
		};
		46F1DF931D1A22F30004BF42 /* controller */ = {
			isa = PBXGroup;
			children = (
				46F1DF941D1A22F30004BF42 /* BaseViewController.swift */,
				46F1DF951D1A22F30004BF42 /* MainTabBarController.swift */,
			);
			path = controller;
			sourceTree = "<group>";
		};
		46F1DF961D1A22F30004BF42 /* view */ = {
			isa = PBXGroup;
			children = (
				46F1DF991D1A23210004BF42 /* VisitorView.swift */,
				46F1DF9B1D1A323A0004BF42 /* VisitorView.xib */,
			);
			path = view;
			sourceTree = "<group>";
		};
/* End PBXGroup section */

/* Begin PBXNativeTarget section */
		46F1DF491D18D5860004BF42 /* WeiBo */ = {
			isa = PBXNativeTarget;
			buildConfigurationList = 46F1DF721D18D5860004BF42 /* Build configuration list for PBXNativeTarget "WeiBo" */;
			buildPhases = (
				46F1DF461D18D5860004BF42 /* Sources */,
				46F1DF471D18D5860004BF42 /* Frameworks */,
				46F1DF481D18D5860004BF42 /* Resources */,
			);
			buildRules = (
			);
			dependencies = (
			);
			name = WeiBo;
			productName = WeiBo;
			productReference = 46F1DF4A1D18D5860004BF42 /* WeiBo.app */;
			productType = "com.apple.product-type.application";
		};
		46F1DF5D1D18D5860004BF42 /* WeiBoTests */ = {
			isa = PBXNativeTarget;
			buildConfigurationList = 46F1DF751D18D5860004BF42 /* Build configuration list for PBXNativeTarget "WeiBoTests" */;
			buildPhases = (
				46F1DF5A1D18D5860004BF42 /* Sources */,
				46F1DF5B1D18D5860004BF42 /* Frameworks */,
				46F1DF5C1D18D5860004BF42 /* Resources */,
			);
			buildRules = (
			);
			dependencies = (
				46F1DF601D18D5860004BF42 /* PBXTargetDependency */,
			);
			name = WeiBoTests;
			productName = WeiBoTests;
			productReference = 46F1DF5E1D18D5860004BF42 /* WeiBoTests.xctest */;
			productType = "com.apple.product-type.bundle.unit-test";
		};
		46F1DF681D18D5860004BF42 /* WeiBoUITests */ = {
			isa = PBXNativeTarget;
			buildConfigurationList = 46F1DF781D18D5860004BF42 /* Build configuration list for PBXNativeTarget "WeiBoUITests" */;
			buildPhases = (
				46F1DF651D18D5860004BF42 /* Sources */,
				46F1DF661D18D5860004BF42 /* Frameworks */,
				46F1DF671D18D5860004BF42 /* Resources */,
			);
			buildRules = (
			);
			dependencies = (
				46F1DF6B1D18D5860004BF42 /* PBXTargetDependency */,
			);
			name = WeiBoUITests;
			productName = WeiBoUITests;
			productReference = 46F1DF691D18D5860004BF42 /* WeiBoUITests.xctest */;
			productType = "com.apple.product-type.bundle.ui-testing";
		};
/* End PBXNativeTarget section */

/* Begin PBXProject section */
		46F1DF421D18D5860004BF42 /* Project object */ = {
			isa = PBXProject;
			attributes = {
				LastSwiftUpdateCheck = 0720;
				LastUpgradeCheck = 0720;
				ORGANIZATIONNAME = miwer;
				TargetAttributes = {
					46F1DF491D18D5860004BF42 = {
						CreatedOnToolsVersion = 7.2.1;
					};
					46F1DF5D1D18D5860004BF42 = {
						CreatedOnToolsVersion = 7.2.1;
						TestTargetID = 46F1DF491D18D5860004BF42;
					};
					46F1DF681D18D5860004BF42 = {
						CreatedOnToolsVersion = 7.2.1;
						TestTargetID = 46F1DF491D18D5860004BF42;
					};
				};
			};
			buildConfigurationList = 46F1DF451D18D5860004BF42 /* Build configuration list for PBXProject "WeiBo" */;
			compatibilityVersion = "Xcode 3.2";
			developmentRegion = English;
			hasScannedForEncodings = 0;
			knownRegions = (
				en,
				Base,
			);
			mainGroup = 46F1DF411D18D5860004BF42;
			productRefGroup = 46F1DF4B1D18D5860004BF42 /* Products */;
			projectDirPath = "";
			projectRoot = "";
			targets = (
				46F1DF491D18D5860004BF42 /* WeiBo */,
				46F1DF5D1D18D5860004BF42 /* WeiBoTests */,
				46F1DF681D18D5860004BF42 /* WeiBoUITests */,
			);
		};
/* End PBXProject section */

/* Begin PBXResourcesBuildPhase section */
		46F1DF481D18D5860004BF42 /* Resources */ = {
			isa = PBXResourcesBuildPhase;
			buildActionMask = 2147483647;
			files = (
				46F1DF551D18D5860004BF42 /* Assets.xcassets in Resources */,
				46F1DF9C1D1A323A0004BF42 /* VisitorView.xib in Resources */,
			);
			runOnlyForDeploymentPostprocessing = 0;
		};
		46F1DF5C1D18D5860004BF42 /* Resources */ = {
			isa = PBXResourcesBuildPhase;
			buildActionMask = 2147483647;
			files = (
			);
			runOnlyForDeploymentPostprocessing = 0;
		};
		46F1DF671D18D5860004BF42 /* Resources */ = {
			isa = PBXResourcesBuildPhase;
			buildActionMask = 2147483647;
			files = (
			);
			runOnlyForDeploymentPostprocessing = 0;
		};
/* End PBXResourcesBuildPhase section */

/* Begin PBXSourcesBuildPhase section */
		46F1DF461D18D5860004BF42 /* Sources */ = {
			isa = PBXSourcesBuildPhase;
			buildActionMask = 2147483647;
			files = (
				46F1DF8D1D1930D30004BF42 /* ProfileTableViewController.swift in Sources */,
				46D479B51D1A7204002CC8AE /* UIBarButton+Extension.swift in Sources */,
				46F1DF871D19286A0004BF42 /* HomeTableViewController.swift in Sources */,
				46F1DF981D1A22F30004BF42 /* MainTabBarController.swift in Sources */,
				46D479B71D1A809F002CC8AE /* TitleButton.swift in Sources */,
				46F1DF851D1928390004BF42 /* DiscoverViewController.swift in Sources */,
				46F1DF4E1D18D5860004BF42 /* AppDelegate.swift in Sources */,
				46F1DF8B1D1930CA0004BF42 /* MessageTableViewController.swift in Sources */,
				46F1DF9A1D1A23210004BF42 /* VisitorView.swift in Sources */,
				46F1DF971D1A22F30004BF42 /* BaseViewController.swift in Sources */,
				46F1DF7C1D18D7780004BF42 /* MainViewController.swift in Sources */,
			);
			runOnlyForDeploymentPostprocessing = 0;
		};
		46F1DF5A1D18D5860004BF42 /* Sources */ = {
			isa = PBXSourcesBuildPhase;
			buildActionMask = 2147483647;
			files = (
				46F1DF631D18D5860004BF42 /* WeiBoTests.swift in Sources */,
			);
			runOnlyForDeploymentPostprocessing = 0;
		};
		46F1DF651D18D5860004BF42 /* Sources */ = {
			isa = PBXSourcesBuildPhase;
			buildActionMask = 2147483647;
			files = (
				46F1DF6E1D18D5860004BF42 /* WeiBoUITests.swift in Sources */,
			);
			runOnlyForDeploymentPostprocessing = 0;
		};
/* End PBXSourcesBuildPhase section */

/* Begin PBXTargetDependency section */
		46F1DF601D18D5860004BF42 /* PBXTargetDependency */ = {
			isa = PBXTargetDependency;
			target = 46F1DF491D18D5860004BF42 /* WeiBo */;
			targetProxy = 46F1DF5F1D18D5860004BF42 /* PBXContainerItemProxy */;
		};
		46F1DF6B1D18D5860004BF42 /* PBXTargetDependency */ = {
			isa = PBXTargetDependency;
			target = 46F1DF491D18D5860004BF42 /* WeiBo */;
			targetProxy = 46F1DF6A1D18D5860004BF42 /* PBXContainerItemProxy */;
		};
/* End PBXTargetDependency section */

/* Begin XCBuildConfiguration section */
		46F1DF701D18D5860004BF42 /* Debug */ = {
			isa = XCBuildConfiguration;
			buildSettings = {
				ALWAYS_SEARCH_USER_PATHS = NO;
				CLANG_CXX_LANGUAGE_STANDARD = "gnu++0x";
				CLANG_CXX_LIBRARY = "libc++";
				CLANG_ENABLE_MODULES = YES;
				CLANG_ENABLE_OBJC_ARC = YES;
				CLANG_WARN_BOOL_CONVERSION = YES;
				CLANG_WARN_CONSTANT_CONVERSION = YES;
				CLANG_WARN_DIRECT_OBJC_ISA_USAGE = YES_ERROR;
				CLANG_WARN_EMPTY_BODY = YES;
				CLANG_WARN_ENUM_CONVERSION = YES;
				CLANG_WARN_INT_CONVERSION = YES;
				CLANG_WARN_OBJC_ROOT_CLASS = YES_ERROR;
				CLANG_WARN_UNREACHABLE_CODE = YES;
				CLANG_WARN__DUPLICATE_METHOD_MATCH = YES;
				"CODE_SIGN_IDENTITY[sdk=iphoneos*]" = "iPhone Developer";
				COPY_PHASE_STRIP = NO;
				DEBUG_INFORMATION_FORMAT = dwarf;
				ENABLE_STRICT_OBJC_MSGSEND = YES;
				ENABLE_TESTABILITY = YES;
				GCC_C_LANGUAGE_STANDARD = gnu99;
				GCC_DYNAMIC_NO_PIC = NO;
				GCC_NO_COMMON_BLOCKS = YES;
				GCC_OPTIMIZATION_LEVEL = 0;
				GCC_PREPROCESSOR_DEFINITIONS = (
					"DEBUG=1",
					"$(inherited)",
				);
				GCC_WARN_64_TO_32_BIT_CONVERSION = YES;
				GCC_WARN_ABOUT_RETURN_TYPE = YES_ERROR;
				GCC_WARN_UNDECLARED_SELECTOR = YES;
				GCC_WARN_UNINITIALIZED_AUTOS = YES_AGGRESSIVE;
				GCC_WARN_UNUSED_FUNCTION = YES;
				GCC_WARN_UNUSED_VARIABLE = YES;
				IPHONEOS_DEPLOYMENT_TARGET = 9.2;
				MTL_ENABLE_DEBUG_INFO = YES;
				ONLY_ACTIVE_ARCH = YES;
				SDKROOT = iphoneos;
				SWIFT_OPTIMIZATION_LEVEL = "-Onone";
				TARGETED_DEVICE_FAMILY = "1,2";
			};
			name = Debug;
		};
		46F1DF711D18D5860004BF42 /* Release */ = {
			isa = XCBuildConfiguration;
			buildSettings = {
				ALWAYS_SEARCH_USER_PATHS = NO;
				CLANG_CXX_LANGUAGE_STANDARD = "gnu++0x";
				CLANG_CXX_LIBRARY = "libc++";
				CLANG_ENABLE_MODULES = YES;
				CLANG_ENABLE_OBJC_ARC = YES;
				CLANG_WARN_BOOL_CONVERSION = YES;
				CLANG_WARN_CONSTANT_CONVERSION = YES;
				CLANG_WARN_DIRECT_OBJC_ISA_USAGE = YES_ERROR;
				CLANG_WARN_EMPTY_BODY = YES;
				CLANG_WARN_ENUM_CONVERSION = YES;
				CLANG_WARN_INT_CONVERSION = YES;
				CLANG_WARN_OBJC_ROOT_CLASS = YES_ERROR;
				CLANG_WARN_UNREACHABLE_CODE = YES;
				CLANG_WARN__DUPLICATE_METHOD_MATCH = YES;
				"CODE_SIGN_IDENTITY[sdk=iphoneos*]" = "iPhone Developer";
				COPY_PHASE_STRIP = NO;
				DEBUG_INFORMATION_FORMAT = "dwarf-with-dsym";
				ENABLE_NS_ASSERTIONS = NO;
				ENABLE_STRICT_OBJC_MSGSEND = YES;
				GCC_C_LANGUAGE_STANDARD = gnu99;
				GCC_NO_COMMON_BLOCKS = YES;
				GCC_WARN_64_TO_32_BIT_CONVERSION = YES;
				GCC_WARN_ABOUT_RETURN_TYPE = YES_ERROR;
				GCC_WARN_UNDECLARED_SELECTOR = YES;
				GCC_WARN_UNINITIALIZED_AUTOS = YES_AGGRESSIVE;
				GCC_WARN_UNUSED_FUNCTION = YES;
				GCC_WARN_UNUSED_VARIABLE = YES;
				IPHONEOS_DEPLOYMENT_TARGET = 9.2;
				MTL_ENABLE_DEBUG_INFO = NO;
				SDKROOT = iphoneos;
				TARGETED_DEVICE_FAMILY = "1,2";
				VALIDATE_PRODUCT = YES;
			};
			name = Release;
		};
		46F1DF731D18D5860004BF42 /* Debug */ = {
			isa = XCBuildConfiguration;
			buildSettings = {
				ASSETCATALOG_COMPILER_APPICON_NAME = AppIcon;
				INFOPLIST_FILE = WeiBo/Info.plist;
				LD_RUNPATH_SEARCH_PATHS = "$(inherited) @executable_path/Frameworks";
				PRODUCT_BUNDLE_IDENTIFIER = BY.WeiBo;
				PRODUCT_NAME = "$(TARGET_NAME)";
			};
			name = Debug;
		};
		46F1DF741D18D5860004BF42 /* Release */ = {
			isa = XCBuildConfiguration;
			buildSettings = {
				ASSETCATALOG_COMPILER_APPICON_NAME = AppIcon;
				INFOPLIST_FILE = WeiBo/Info.plist;
				LD_RUNPATH_SEARCH_PATHS = "$(inherited) @executable_path/Frameworks";
				PRODUCT_BUNDLE_IDENTIFIER = BY.WeiBo;
				PRODUCT_NAME = "$(TARGET_NAME)";
			};
			name = Release;
		};
		46F1DF761D18D5860004BF42 /* Debug */ = {
			isa = XCBuildConfiguration;
			buildSettings = {
				BUNDLE_LOADER = "$(TEST_HOST)";
				INFOPLIST_FILE = WeiBoTests/Info.plist;
				LD_RUNPATH_SEARCH_PATHS = "$(inherited) @executable_path/Frameworks @loader_path/Frameworks";
				PRODUCT_BUNDLE_IDENTIFIER = BY.WeiBoTests;
				PRODUCT_NAME = "$(TARGET_NAME)";
				TEST_HOST = "$(BUILT_PRODUCTS_DIR)/WeiBo.app/WeiBo";
			};
			name = Debug;
		};
		46F1DF771D18D5860004BF42 /* Release */ = {
			isa = XCBuildConfiguration;
			buildSettings = {
				BUNDLE_LOADER = "$(TEST_HOST)";
				INFOPLIST_FILE = WeiBoTests/Info.plist;
				LD_RUNPATH_SEARCH_PATHS = "$(inherited) @executable_path/Frameworks @loader_path/Frameworks";
				PRODUCT_BUNDLE_IDENTIFIER = BY.WeiBoTests;
				PRODUCT_NAME = "$(TARGET_NAME)";
				TEST_HOST = "$(BUILT_PRODUCTS_DIR)/WeiBo.app/WeiBo";
			};
			name = Release;
		};
		46F1DF791D18D5860004BF42 /* Debug */ = {
			isa = XCBuildConfiguration;
			buildSettings = {
				INFOPLIST_FILE = WeiBoUITests/Info.plist;
				LD_RUNPATH_SEARCH_PATHS = "$(inherited) @executable_path/Frameworks @loader_path/Frameworks";
				PRODUCT_BUNDLE_IDENTIFIER = BY.WeiBoUITests;
				PRODUCT_NAME = "$(TARGET_NAME)";
				TEST_TARGET_NAME = WeiBo;
				USES_XCTRUNNER = YES;
			};
			name = Debug;
		};
		46F1DF7A1D18D5860004BF42 /* Release */ = {
			isa = XCBuildConfiguration;
			buildSettings = {
				INFOPLIST_FILE = WeiBoUITests/Info.plist;
				LD_RUNPATH_SEARCH_PATHS = "$(inherited) @executable_path/Frameworks @loader_path/Frameworks";
				PRODUCT_BUNDLE_IDENTIFIER = BY.WeiBoUITests;
				PRODUCT_NAME = "$(TARGET_NAME)";
				TEST_TARGET_NAME = WeiBo;
				USES_XCTRUNNER = YES;
			};
			name = Release;
		};
/* End XCBuildConfiguration section */

/* Begin XCConfigurationList section */
		46F1DF451D18D5860004BF42 /* Build configuration list for PBXProject "WeiBo" */ = {
			isa = XCConfigurationList;
			buildConfigurations = (
				46F1DF701D18D5860004BF42 /* Debug */,
				46F1DF711D18D5860004BF42 /* Release */,
			);
			defaultConfigurationIsVisible = 0;
			defaultConfigurationName = Release;
		};
		46F1DF721D18D5860004BF42 /* Build configuration list for PBXNativeTarget "WeiBo" */ = {
			isa = XCConfigurationList;
			buildConfigurations = (
				46F1DF731D18D5860004BF42 /* Debug */,
				46F1DF741D18D5860004BF42 /* Release */,
			);
			defaultConfigurationIsVisible = 0;
			defaultConfigurationName = Release;
		};
		46F1DF751D18D5860004BF42 /* Build configuration list for PBXNativeTarget "WeiBoTests" */ = {
			isa = XCConfigurationList;
			buildConfigurations = (
				46F1DF761D18D5860004BF42 /* Debug */,
				46F1DF771D18D5860004BF42 /* Release */,
			);
			defaultConfigurationIsVisible = 0;
			defaultConfigurationName = Release;
		};
		46F1DF781D18D5860004BF42 /* Build configuration list for PBXNativeTarget "WeiBoUITests" */ = {
			isa = XCConfigurationList;
			buildConfigurations = (
				46F1DF791D18D5860004BF42 /* Debug */,
				46F1DF7A1D18D5860004BF42 /* Release */,
			);
			defaultConfigurationIsVisible = 0;
			defaultConfigurationName = Release;
		};
/* End XCConfigurationList section */
	};
	rootObject = 46F1DF421D18D5860004BF42 /* Project object */;
}
